// !$*UTF8*$!
{
	archiveVersion = 1;
	classes = {
	};
	objectVersion = 46;
	objects = {

/* Begin PBXBuildFile section */
		027708A11DF06F10002E36CB /* AddJobViewController.swift in Sources */ = {isa = PBXBuildFile; fileRef = 027708A01DF06F10002E36CB /* AddJobViewController.swift */; };
		027708A31DF0741F002E36CB /* JobTableViewCell.swift in Sources */ = {isa = PBXBuildFile; fileRef = 027708A21DF0741F002E36CB /* JobTableViewCell.swift */; };
		027708A51DF081DB002E36CB /* AuthContract.swift in Sources */ = {isa = PBXBuildFile; fileRef = 027708A41DF081DB002E36CB /* AuthContract.swift */; };
		027708A71DF0841D002E36CB /* SignUpPresenter.swift in Sources */ = {isa = PBXBuildFile; fileRef = 027708A61DF0841D002E36CB /* SignUpPresenter.swift */; };
		027708A91DF094BE002E36CB /* LoginPresenter.swift in Sources */ = {isa = PBXBuildFile; fileRef = 027708A81DF094BE002E36CB /* LoginPresenter.swift */; };
		027708AB1DF09CFB002E36CB /* JobsContract.swift in Sources */ = {isa = PBXBuildFile; fileRef = 027708AA1DF09CFB002E36CB /* JobsContract.swift */; };
		027708AE1DF09DC9002E36CB /* Job.swift in Sources */ = {isa = PBXBuildFile; fileRef = 027708AD1DF09DC9002E36CB /* Job.swift */; };
		027708B01DF0A5A6002E36CB /* JobsPresenter.swift in Sources */ = {isa = PBXBuildFile; fileRef = 027708AF1DF0A5A6002E36CB /* JobsPresenter.swift */; };
		027708B21DF0DE60002E36CB /* AddJobContract.swift in Sources */ = {isa = PBXBuildFile; fileRef = 027708B11DF0DE60002E36CB /* AddJobContract.swift */; };
		027708B41DF0E0E0002E36CB /* AddJobPresenter.swift in Sources */ = {isa = PBXBuildFile; fileRef = 027708B31DF0E0E0002E36CB /* AddJobPresenter.swift */; };
		027A61071DEFC2BD00B180A8 /* AppDelegate.swift in Sources */ = {isa = PBXBuildFile; fileRef = 027A61061DEFC2BD00B180A8 /* AppDelegate.swift */; };
		027A61091DEFC2BD00B180A8 /* AuthViewController.swift in Sources */ = {isa = PBXBuildFile; fileRef = 027A61081DEFC2BD00B180A8 /* AuthViewController.swift */; };
		027A610C1DEFC2BD00B180A8 /* Auth.storyboard in Resources */ = {isa = PBXBuildFile; fileRef = 027A610A1DEFC2BD00B180A8 /* Auth.storyboard */; };
		027A610E1DEFC2BD00B180A8 /* Assets.xcassets in Resources */ = {isa = PBXBuildFile; fileRef = 027A610D1DEFC2BD00B180A8 /* Assets.xcassets */; };
		027A61111DEFC2BD00B180A8 /* LaunchScreen.storyboard in Resources */ = {isa = PBXBuildFile; fileRef = 027A610F1DEFC2BD00B180A8 /* LaunchScreen.storyboard */; };
		027A61191DEFCA2300B180A8 /* Jobs.storyboard in Resources */ = {isa = PBXBuildFile; fileRef = 027A61181DEFCA2300B180A8 /* Jobs.storyboard */; };
		027A611F1DEFCD9700B180A8 /* LoginViewController.swift in Sources */ = {isa = PBXBuildFile; fileRef = 027A611E1DEFCD9700B180A8 /* LoginViewController.swift */; };
		027A61211DEFCDA200B180A8 /* SignUpViewController.swift in Sources */ = {isa = PBXBuildFile; fileRef = 027A61201DEFCDA200B180A8 /* SignUpViewController.swift */; };
		027A61231DEFCDC300B180A8 /* JobsTableViewController.swift in Sources */ = {isa = PBXBuildFile; fileRef = 027A61221DEFCDC300B180A8 /* JobsTableViewController.swift */; };
		027A61291DEFE00C00B180A8 /* GoogleService-Info.plist in Resources */ = {isa = PBXBuildFile; fileRef = 027A61281DEFE00C00B180A8 /* GoogleService-Info.plist */; };
		02C9F1501E01DCF800D3476D /* SystemConfiguration.framework in Frameworks */ = {isa = PBXBuildFile; fileRef = 02C9F14F1E01DCF800D3476D /* SystemConfiguration.framework */; };
		02C9F1571E01E55200D3476D /* CheckNetwork.m in Sources */ = {isa = PBXBuildFile; fileRef = 02C9F1561E01E55200D3476D /* CheckNetwork.m */; };
		49F435861D5580462EB91FCC /* Pods_After_College_Job_Tracker.framework in Frameworks */ = {isa = PBXBuildFile; fileRef = B4ACA773B1364B258E113FC3 /* Pods_After_College_Job_Tracker.framework */; };
/* End PBXBuildFile section */

/* Begin PBXFileReference section */
		027708A01DF06F10002E36CB /* AddJobViewController.swift */ = {isa = PBXFileReference; fileEncoding = 4; lastKnownFileType = sourcecode.swift; path = AddJobViewController.swift; sourceTree = SOURCE_ROOT; };
		027708A21DF0741F002E36CB /* JobTableViewCell.swift */ = {isa = PBXFileReference; fileEncoding = 4; lastKnownFileType = sourcecode.swift; path = JobTableViewCell.swift; sourceTree = "<group>"; };
		027708A41DF081DB002E36CB /* AuthContract.swift */ = {isa = PBXFileReference; fileEncoding = 4; lastKnownFileType = sourcecode.swift; name = AuthContract.swift; path = SignUp/AuthContract.swift; sourceTree = "<group>"; };
		027708A61DF0841D002E36CB /* SignUpPresenter.swift */ = {isa = PBXFileReference; fileEncoding = 4; lastKnownFileType = sourcecode.swift; path = SignUpPresenter.swift; sourceTree = "<group>"; };
		027708A81DF094BE002E36CB /* LoginPresenter.swift */ = {isa = PBXFileReference; fileEncoding = 4; lastKnownFileType = sourcecode.swift; path = LoginPresenter.swift; sourceTree = "<group>"; };
		027708AA1DF09CFB002E36CB /* JobsContract.swift */ = {isa = PBXFileReference; fileEncoding = 4; lastKnownFileType = sourcecode.swift; path = JobsContract.swift; sourceTree = "<group>"; };
		027708AD1DF09DC9002E36CB /* Job.swift */ = {isa = PBXFileReference; fileEncoding = 4; lastKnownFileType = sourcecode.swift; path = Job.swift; sourceTree = "<group>"; };
		027708AF1DF0A5A6002E36CB /* JobsPresenter.swift */ = {isa = PBXFileReference; fileEncoding = 4; lastKnownFileType = sourcecode.swift; path = JobsPresenter.swift; sourceTree = "<group>"; };
		027708B11DF0DE60002E36CB /* AddJobContract.swift */ = {isa = PBXFileReference; fileEncoding = 4; lastKnownFileType = sourcecode.swift; name = AddJobContract.swift; path = "After College Job Tracker/Jobs/AddJobContract.swift"; sourceTree = SOURCE_ROOT; };
		027708B31DF0E0E0002E36CB /* AddJobPresenter.swift */ = {isa = PBXFileReference; fileEncoding = 4; lastKnownFileType = sourcecode.swift; name = AddJobPresenter.swift; path = "After College Job Tracker/Jobs/AddJobPresenter.swift"; sourceTree = SOURCE_ROOT; };
		027A61031DEFC2BD00B180A8 /* After College Job Tracker.app */ = {isa = PBXFileReference; explicitFileType = wrapper.application; includeInIndex = 0; path = "After College Job Tracker.app"; sourceTree = BUILT_PRODUCTS_DIR; };
		027A61061DEFC2BD00B180A8 /* AppDelegate.swift */ = {isa = PBXFileReference; lastKnownFileType = sourcecode.swift; path = AppDelegate.swift; sourceTree = "<group>"; };
		027A61081DEFC2BD00B180A8 /* AuthViewController.swift */ = {isa = PBXFileReference; lastKnownFileType = sourcecode.swift; name = AuthViewController.swift; path = ../AuthViewController.swift; sourceTree = "<group>"; };
		027A610B1DEFC2BD00B180A8 /* Base */ = {isa = PBXFileReference; lastKnownFileType = file.storyboard; name = Base; path = Base.lproj/Auth.storyboard; sourceTree = "<group>"; };
		027A610D1DEFC2BD00B180A8 /* Assets.xcassets */ = {isa = PBXFileReference; lastKnownFileType = folder.assetcatalog; path = Assets.xcassets; sourceTree = "<group>"; };
		027A61101DEFC2BD00B180A8 /* Base */ = {isa = PBXFileReference; lastKnownFileType = file.storyboard; name = Base; path = Base.lproj/LaunchScreen.storyboard; sourceTree = "<group>"; };
		027A61121DEFC2BD00B180A8 /* Info.plist */ = {isa = PBXFileReference; lastKnownFileType = text.plist.xml; path = Info.plist; sourceTree = "<group>"; };
		027A61181DEFCA2300B180A8 /* Jobs.storyboard */ = {isa = PBXFileReference; fileEncoding = 4; lastKnownFileType = file.storyboard; name = Jobs.storyboard; path = "After College Job Tracker/Jobs.storyboard"; sourceTree = SOURCE_ROOT; };
		027A611E1DEFCD9700B180A8 /* LoginViewController.swift */ = {isa = PBXFileReference; fileEncoding = 4; lastKnownFileType = sourcecode.swift; path = LoginViewController.swift; sourceTree = "<group>"; };
		027A61201DEFCDA200B180A8 /* SignUpViewController.swift */ = {isa = PBXFileReference; fileEncoding = 4; lastKnownFileType = sourcecode.swift; path = SignUpViewController.swift; sourceTree = "<group>"; };
		027A61221DEFCDC300B180A8 /* JobsTableViewController.swift */ = {isa = PBXFileReference; fileEncoding = 4; lastKnownFileType = sourcecode.swift; path = JobsTableViewController.swift; sourceTree = "<group>"; };
		027A61281DEFE00C00B180A8 /* GoogleService-Info.plist */ = {isa = PBXFileReference; fileEncoding = 4; lastKnownFileType = text.plist.xml; path = "GoogleService-Info.plist"; sourceTree = "<group>"; };
		02C9F14F1E01DCF800D3476D /* SystemConfiguration.framework */ = {isa = PBXFileReference; lastKnownFileType = wrapper.framework; name = SystemConfiguration.framework; path = System/Library/Frameworks/SystemConfiguration.framework; sourceTree = SDKROOT; };
		02C9F1541E01E55200D3476D /* After College Job Tracker-Bridging-Header.h */ = {isa = PBXFileReference; lastKnownFileType = sourcecode.c.h; path = "After College Job Tracker-Bridging-Header.h"; sourceTree = "<group>"; };
		02C9F1551E01E55200D3476D /* CheckNetwork.h */ = {isa = PBXFileReference; fileEncoding = 4; lastKnownFileType = sourcecode.c.h; name = CheckNetwork.h; path = CheckNetwork/CheckNetwork.h; sourceTree = "<group>"; };
		02C9F1561E01E55200D3476D /* CheckNetwork.m */ = {isa = PBXFileReference; fileEncoding = 4; lastKnownFileType = sourcecode.c.objc; name = CheckNetwork.m; path = CheckNetwork/CheckNetwork.m; sourceTree = "<group>"; };
		22268A76C151472A5165A89B /* Pods-After College Job Tracker.debug.xcconfig */ = {isa = PBXFileReference; includeInIndex = 1; lastKnownFileType = text.xcconfig; name = "Pods-After College Job Tracker.debug.xcconfig"; path = "Pods/Target Support Files/Pods-After College Job Tracker/Pods-After College Job Tracker.debug.xcconfig"; sourceTree = "<group>"; };
		915DC68BE852F2776BF69C10 /* Pods-After College Job Tracker.release.xcconfig */ = {isa = PBXFileReference; includeInIndex = 1; lastKnownFileType = text.xcconfig; name = "Pods-After College Job Tracker.release.xcconfig"; path = "Pods/Target Support Files/Pods-After College Job Tracker/Pods-After College Job Tracker.release.xcconfig"; sourceTree = "<group>"; };
		B4ACA773B1364B258E113FC3 /* Pods_After_College_Job_Tracker.framework */ = {isa = PBXFileReference; explicitFileType = wrapper.framework; includeInIndex = 0; path = Pods_After_College_Job_Tracker.framework; sourceTree = BUILT_PRODUCTS_DIR; };
/* End PBXFileReference section */

/* Begin PBXFrameworksBuildPhase section */
		027A61001DEFC2BC00B180A8 /* Frameworks */ = {
			isa = PBXFrameworksBuildPhase;
			buildActionMask = 2147483647;
			files = (
				02C9F1501E01DCF800D3476D /* SystemConfiguration.framework in Frameworks */,
				49F435861D5580462EB91FCC /* Pods_After_College_Job_Tracker.framework in Frameworks */,
			);
			runOnlyForDeploymentPostprocessing = 0;
		};
/* End PBXFrameworksBuildPhase section */

/* Begin PBXGroup section */
		027708AC1DF09DBE002E36CB /* Model */ = {
			isa = PBXGroup;
			children = (
				027708AD1DF09DC9002E36CB /* Job.swift */,
			);
			name = Model;
			sourceTree = "<group>";
		};
		027A60FA1DEFC2BC00B180A8 = {
			isa = PBXGroup;
			children = (
				027A61051DEFC2BD00B180A8 /* After College Job Tracker */,
				027A61041DEFC2BD00B180A8 /* Products */,
				CC6A3BE8461054858D4825F1 /* Pods */,
				745645F507CA7619E8156FA0 /* Frameworks */,
			);
			sourceTree = "<group>";
		};
		027A61041DEFC2BD00B180A8 /* Products */ = {
			isa = PBXGroup;
			children = (
				027A61031DEFC2BD00B180A8 /* After College Job Tracker.app */,
			);
			name = Products;
			sourceTree = "<group>";
		};
		027A61051DEFC2BD00B180A8 /* After College Job Tracker */ = {
			isa = PBXGroup;
			children = (
				02C9F1531E01E4F100D3476D /* NetworkCheck */,
				027708AC1DF09DBE002E36CB /* Model */,
				027A61281DEFE00C00B180A8 /* GoogleService-Info.plist */,
				027A611B1DEFCC0F00B180A8 /* Jobs */,
				027A611A1DEFCBCD00B180A8 /* Auth */,
				027A61061DEFC2BD00B180A8 /* AppDelegate.swift */,
				027A610D1DEFC2BD00B180A8 /* Assets.xcassets */,
				027A610F1DEFC2BD00B180A8 /* LaunchScreen.storyboard */,
				027A61121DEFC2BD00B180A8 /* Info.plist */,
			);
			path = "After College Job Tracker";
			sourceTree = "<group>";
		};
		027A611A1DEFCBCD00B180A8 /* Auth */ = {
			isa = PBXGroup;
			children = (
				027708A41DF081DB002E36CB /* AuthContract.swift */,
				027A611D1DEFCD6500B180A8 /* Login */,
				027A611C1DEFCD5100B180A8 /* SignUp */,
				027A61081DEFC2BD00B180A8 /* AuthViewController.swift */,
				027A610A1DEFC2BD00B180A8 /* Auth.storyboard */,
			);
			path = Auth;
			sourceTree = "<group>";
		};
		027A611B1DEFCC0F00B180A8 /* Jobs */ = {
			isa = PBXGroup;
			children = (
				027A61251DEFD5E600B180A8 /* Add Job */,
				027A61181DEFCA2300B180A8 /* Jobs.storyboard */,
				027A61221DEFCDC300B180A8 /* JobsTableViewController.swift */,
				027708A21DF0741F002E36CB /* JobTableViewCell.swift */,
				027708AA1DF09CFB002E36CB /* JobsContract.swift */,
				027708AF1DF0A5A6002E36CB /* JobsPresenter.swift */,
			);
			path = Jobs;
			sourceTree = "<group>";
		};
		027A611C1DEFCD5100B180A8 /* SignUp */ = {
			isa = PBXGroup;
			children = (
				027A61201DEFCDA200B180A8 /* SignUpViewController.swift */,
				027708A61DF0841D002E36CB /* SignUpPresenter.swift */,
			);
			path = SignUp;
			sourceTree = "<group>";
		};
		027A611D1DEFCD6500B180A8 /* Login */ = {
			isa = PBXGroup;
			children = (
				027A611E1DEFCD9700B180A8 /* LoginViewController.swift */,
				027708A81DF094BE002E36CB /* LoginPresenter.swift */,
			);
			path = Login;
			sourceTree = "<group>";
		};
		027A61251DEFD5E600B180A8 /* Add Job */ = {
			isa = PBXGroup;
			children = (
				027708A01DF06F10002E36CB /* AddJobViewController.swift */,
				027708B11DF0DE60002E36CB /* AddJobContract.swift */,
				027708B31DF0E0E0002E36CB /* AddJobPresenter.swift */,
			);
			path = "Add Job";
			sourceTree = "<group>";
		};
		02C9F1531E01E4F100D3476D /* NetworkCheck */ = {
			isa = PBXGroup;
			children = (
				02C9F1551E01E55200D3476D /* CheckNetwork.h */,
				02C9F1561E01E55200D3476D /* CheckNetwork.m */,
				02C9F1541E01E55200D3476D /* After College Job Tracker-Bridging-Header.h */,
			);
			name = NetworkCheck;
			sourceTree = "<group>";
		};
		745645F507CA7619E8156FA0 /* Frameworks */ = {
			isa = PBXGroup;
			children = (
				02C9F14F1E01DCF800D3476D /* SystemConfiguration.framework */,
				B4ACA773B1364B258E113FC3 /* Pods_After_College_Job_Tracker.framework */,
			);
			name = Frameworks;
			sourceTree = "<group>";
		};
		CC6A3BE8461054858D4825F1 /* Pods */ = {
			isa = PBXGroup;
			children = (
				22268A76C151472A5165A89B /* Pods-After College Job Tracker.debug.xcconfig */,
				915DC68BE852F2776BF69C10 /* Pods-After College Job Tracker.release.xcconfig */,
			);
			name = Pods;
			sourceTree = "<group>";
		};
/* End PBXGroup section */

/* Begin PBXNativeTarget section */
		027A61021DEFC2BC00B180A8 /* After College Job Tracker */ = {
			isa = PBXNativeTarget;
			buildConfigurationList = 027A61151DEFC2BD00B180A8 /* Build configuration list for PBXNativeTarget "After College Job Tracker" */;
			buildPhases = (
				538C79D25A4E9A900E88E752 /* [CP] Check Pods Manifest.lock */,
				027A60FF1DEFC2BC00B180A8 /* Sources */,
				027A61001DEFC2BC00B180A8 /* Frameworks */,
				027A61011DEFC2BC00B180A8 /* Resources */,
				A2FD37A716BFC239AB87D10D /* [CP] Embed Pods Frameworks */,
				A79700BD71DCC49F0228628A /* [CP] Copy Pods Resources */,
			);
			buildRules = (
			);
			dependencies = (
			);
			name = "After College Job Tracker";
			productName = "After College Job Tracker";
			productReference = 027A61031DEFC2BD00B180A8 /* After College Job Tracker.app */;
			productType = "com.apple.product-type.application";
		};
/* End PBXNativeTarget section */

/* Begin PBXProject section */
		027A60FB1DEFC2BC00B180A8 /* Project object */ = {
			isa = PBXProject;
			attributes = {
				LastSwiftUpdateCheck = 0800;
				LastUpgradeCheck = 0800;
				ORGANIZATIONNAME = garytokman;
				TargetAttributes = {
					027A61021DEFC2BC00B180A8 = {
						CreatedOnToolsVersion = 8.0;
						DevelopmentTeam = NTP2A7PJM8;
						LastSwiftMigration = 0800;
						ProvisioningStyle = Automatic;
					};
				};
			};
			buildConfigurationList = 027A60FE1DEFC2BC00B180A8 /* Build configuration list for PBXProject "After College Job Tracker" */;
			compatibilityVersion = "Xcode 3.2";
			developmentRegion = English;
			hasScannedForEncodings = 0;
			knownRegions = (
				en,
				Base,
			);
			mainGroup = 027A60FA1DEFC2BC00B180A8;
			productRefGroup = 027A61041DEFC2BD00B180A8 /* Products */;
			projectDirPath = "";
			projectRoot = "";
			targets = (
				027A61021DEFC2BC00B180A8 /* After College Job Tracker */,
			);
		};
/* End PBXProject section */

/* Begin PBXResourcesBuildPhase section */
		027A61011DEFC2BC00B180A8 /* Resources */ = {
			isa = PBXResourcesBuildPhase;
			buildActionMask = 2147483647;
			files = (
				027A61111DEFC2BD00B180A8 /* LaunchScreen.storyboard in Resources */,
				027A610E1DEFC2BD00B180A8 /* Assets.xcassets in Resources */,
				027A61291DEFE00C00B180A8 /* GoogleService-Info.plist in Resources */,
				027A610C1DEFC2BD00B180A8 /* Auth.storyboard in Resources */,
				027A61191DEFCA2300B180A8 /* Jobs.storyboard in Resources */,
			);
			runOnlyForDeploymentPostprocessing = 0;
		};
/* End PBXResourcesBuildPhase section */

/* Begin PBXShellScriptBuildPhase section */
		538C79D25A4E9A900E88E752 /* [CP] Check Pods Manifest.lock */ = {
			isa = PBXShellScriptBuildPhase;
			buildActionMask = 2147483647;
			files = (
			);
			inputPaths = (
			);
			name = "[CP] Check Pods Manifest.lock";
			outputPaths = (
			);
			runOnlyForDeploymentPostprocessing = 0;
			shellPath = /bin/sh;
			shellScript = "diff \"${PODS_ROOT}/../Podfile.lock\" \"${PODS_ROOT}/Manifest.lock\" > /dev/null\nif [[ $? != 0 ]] ; then\n    cat << EOM\nerror: The sandbox is not in sync with the Podfile.lock. Run 'pod install' or update your CocoaPods installation.\nEOM\n    exit 1\nfi\n";
			showEnvVarsInLog = 0;
		};
		A2FD37A716BFC239AB87D10D /* [CP] Embed Pods Frameworks */ = {
			isa = PBXShellScriptBuildPhase;
			buildActionMask = 2147483647;
			files = (
			);
			inputPaths = (
			);
			name = "[CP] Embed Pods Frameworks";
			outputPaths = (
			);
			runOnlyForDeploymentPostprocessing = 0;
			shellPath = /bin/sh;
			shellScript = "\"${SRCROOT}/Pods/Target Support Files/Pods-After College Job Tracker/Pods-After College Job Tracker-frameworks.sh\"\n";
			showEnvVarsInLog = 0;
		};
		A79700BD71DCC49F0228628A /* [CP] Copy Pods Resources */ = {
			isa = PBXShellScriptBuildPhase;
			buildActionMask = 2147483647;
			files = (
			);
			inputPaths = (
			);
			name = "[CP] Copy Pods Resources";
			outputPaths = (
			);
			runOnlyForDeploymentPostprocessing = 0;
			shellPath = /bin/sh;
			shellScript = "\"${SRCROOT}/Pods/Target Support Files/Pods-After College Job Tracker/Pods-After College Job Tracker-resources.sh\"\n";
			showEnvVarsInLog = 0;
		};
/* End PBXShellScriptBuildPhase section */

/* Begin PBXSourcesBuildPhase section */
		027A60FF1DEFC2BC00B180A8 /* Sources */ = {
			isa = PBXSourcesBuildPhase;
			buildActionMask = 2147483647;
			files = (
				027708A71DF0841D002E36CB /* SignUpPresenter.swift in Sources */,
				02C9F1571E01E55200D3476D /* CheckNetwork.m in Sources */,
				027A611F1DEFCD9700B180A8 /* LoginViewController.swift in Sources */,
				027A61091DEFC2BD00B180A8 /* AuthViewController.swift in Sources */,
				027708AB1DF09CFB002E36CB /* JobsContract.swift in Sources */,
				027A61231DEFCDC300B180A8 /* JobsTableViewController.swift in Sources */,
				027708A91DF094BE002E36CB /* LoginPresenter.swift in Sources */,
				027708A51DF081DB002E36CB /* AuthContract.swift in Sources */,
				027708AE1DF09DC9002E36CB /* Job.swift in Sources */,
				027708A31DF0741F002E36CB /* JobTableViewCell.swift in Sources */,
				027708B41DF0E0E0002E36CB /* AddJobPresenter.swift in Sources */,
				027A61211DEFCDA200B180A8 /* SignUpViewController.swift in Sources */,
				027708A11DF06F10002E36CB /* AddJobViewController.swift in Sources */,
				027708B21DF0DE60002E36CB /* AddJobContract.swift in Sources */,
				027A61071DEFC2BD00B180A8 /* AppDelegate.swift in Sources */,
				027708B01DF0A5A6002E36CB /* JobsPresenter.swift in Sources */,
			);
			runOnlyForDeploymentPostprocessing = 0;
		};
/* End PBXSourcesBuildPhase section */

/* Begin PBXVariantGroup section */
		027A610A1DEFC2BD00B180A8 /* Auth.storyboard */ = {
			isa = PBXVariantGroup;
			children = (
				027A610B1DEFC2BD00B180A8 /* Base */,
			);
			name = Auth.storyboard;
			path = ..;
			sourceTree = "<group>";
		};
		027A610F1DEFC2BD00B180A8 /* LaunchScreen.storyboard */ = {
			isa = PBXVariantGroup;
			children = (
				027A61101DEFC2BD00B180A8 /* Base */,
			);
			name = LaunchScreen.storyboard;
			sourceTree = "<group>";
		};
/* End PBXVariantGroup section */

/* Begin XCBuildConfiguration section */
		027A61131DEFC2BD00B180A8 /* Debug */ = {
			isa = XCBuildConfiguration;
			buildSettings = {
				ALWAYS_SEARCH_USER_PATHS = NO;
				CLANG_ANALYZER_NONNULL = YES;
				CLANG_CXX_LANGUAGE_STANDARD = "gnu++0x";
				CLANG_CXX_LIBRARY = "libc++";
				CLANG_ENABLE_MODULES = YES;
				CLANG_ENABLE_OBJC_ARC = YES;
				CLANG_WARN_BOOL_CONVERSION = YES;
				CLANG_WARN_CONSTANT_CONVERSION = YES;
				CLANG_WARN_DIRECT_OBJC_ISA_USAGE = YES_ERROR;
				CLANG_WARN_DOCUMENTATION_COMMENTS = YES;
				CLANG_WARN_EMPTY_BODY = YES;
				CLANG_WARN_ENUM_CONVERSION = YES;
				CLANG_WARN_INFINITE_RECURSION = YES;
				CLANG_WARN_INT_CONVERSION = YES;
				CLANG_WARN_OBJC_ROOT_CLASS = YES_ERROR;
				CLANG_WARN_SUSPICIOUS_MOVE = YES;
				CLANG_WARN_SUSPICIOUS_MOVES = YES;
				CLANG_WARN_UNREACHABLE_CODE = YES;
				CLANG_WARN__DUPLICATE_METHOD_MATCH = YES;
				"CODE_SIGN_IDENTITY[sdk=iphoneos*]" = "iPhone Developer";
				COPY_PHASE_STRIP = NO;
				DEBUG_INFORMATION_FORMAT = dwarf;
				ENABLE_STRICT_OBJC_MSGSEND = YES;
				ENABLE_TESTABILITY = YES;
				GCC_C_LANGUAGE_STANDARD = gnu99;
				GCC_DYNAMIC_NO_PIC = NO;
				GCC_NO_COMMON_BLOCKS = YES;
				GCC_OPTIMIZATION_LEVEL = 0;
				GCC_PREPROCESSOR_DEFINITIONS = (
					"DEBUG=1",
					"$(inherited)",
				);
				GCC_WARN_64_TO_32_BIT_CONVERSION = YES;
				GCC_WARN_ABOUT_RETURN_TYPE = YES_ERROR;
				GCC_WARN_UNDECLARED_SELECTOR = YES;
				GCC_WARN_UNINITIALIZED_AUTOS = YES_AGGRESSIVE;
				GCC_WARN_UNUSED_FUNCTION = YES;
				GCC_WARN_UNUSED_VARIABLE = YES;
				IPHONEOS_DEPLOYMENT_TARGET = 10.0;
				MTL_ENABLE_DEBUG_INFO = YES;
				ONLY_ACTIVE_ARCH = YES;
				SDKROOT = iphoneos;
				SWIFT_ACTIVE_COMPILATION_CONDITIONS = DEBUG;
				SWIFT_OPTIMIZATION_LEVEL = "-Onone";
			};
			name = Debug;
		};
		027A61141DEFC2BD00B180A8 /* Release */ = {
			isa = XCBuildConfiguration;
			buildSettings = {
				ALWAYS_SEARCH_USER_PATHS = NO;
				CLANG_ANALYZER_NONNULL = YES;
				CLANG_CXX_LANGUAGE_STANDARD = "gnu++0x";
				CLANG_CXX_LIBRARY = "libc++";
				CLANG_ENABLE_MODULES = YES;
				CLANG_ENABLE_OBJC_ARC = YES;
				CLANG_WARN_BOOL_CONVERSION = YES;
				CLANG_WARN_CONSTANT_CONVERSION = YES;
				CLANG_WARN_DIRECT_OBJC_ISA_USAGE = YES_ERROR;
				CLANG_WARN_DOCUMENTATION_COMMENTS = YES;
				CLANG_WARN_EMPTY_BODY = YES;
				CLANG_WARN_ENUM_CONVERSION = YES;
				CLANG_WARN_INFINITE_RECURSION = YES;
				CLANG_WARN_INT_CONVERSION = YES;
				CLANG_WARN_OBJC_ROOT_CLASS = YES_ERROR;
				CLANG_WARN_SUSPICIOUS_MOVE = YES;
				CLANG_WARN_SUSPICIOUS_MOVES = YES;
				CLANG_WARN_UNREACHABLE_CODE = YES;
				CLANG_WARN__DUPLICATE_METHOD_MATCH = YES;
				"CODE_SIGN_IDENTITY[sdk=iphoneos*]" = "iPhone Developer";
				COPY_PHASE_STRIP = NO;
				DEBUG_INFORMATION_FORMAT = "dwarf-with-dsym";
				ENABLE_NS_ASSERTIONS = NO;
				ENABLE_STRICT_OBJC_MSGSEND = YES;
				GCC_C_LANGUAGE_STANDARD = gnu99;
				GCC_NO_COMMON_BLOCKS = YES;
				GCC_WARN_64_TO_32_BIT_CONVERSION = YES;
				GCC_WARN_ABOUT_RETURN_TYPE = YES_ERROR;
				GCC_WARN_UNDECLARED_SELECTOR = YES;
				GCC_WARN_UNINITIALIZED_AUTOS = YES_AGGRESSIVE;
				GCC_WARN_UNUSED_FUNCTION = YES;
				GCC_WARN_UNUSED_VARIABLE = YES;
				IPHONEOS_DEPLOYMENT_TARGET = 10.0;
				MTL_ENABLE_DEBUG_INFO = NO;
				SDKROOT = iphoneos;
				SWIFT_OPTIMIZATION_LEVEL = "-Owholemodule";
				VALIDATE_PRODUCT = YES;
			};
			name = Release;
		};
		027A61161DEFC2BD00B180A8 /* Debug */ = {
			isa = XCBuildConfiguration;
			baseConfigurationReference = 22268A76C151472A5165A89B /* Pods-After College Job Tracker.debug.xcconfig */;
			buildSettings = {
				ASSETCATALOG_COMPILER_APPICON_NAME = AppIcon;
				CLANG_ENABLE_MODULES = YES;
				DEVELOPMENT_TEAM = NTP2A7PJM8;
				INFOPLIST_FILE = "After College Job Tracker/Info.plist";
				LD_RUNPATH_SEARCH_PATHS = "$(inherited) @executable_path/Frameworks";
				PRODUCT_BUNDLE_IDENTIFIER = "com.garytokman.After-College-Job-Tracker";
				PRODUCT_NAME = "$(TARGET_NAME)";
				SWIFT_OBJC_BRIDGING_HEADER = "After College Job Tracker/After College Job Tracker-Bridging-Header.h";
				SWIFT_OPTIMIZATION_LEVEL = "-Onone";
				SWIFT_VERSION = 3.0;
			};
			name = Debug;
		};
		027A61171DEFC2BD00B180A8 /* Release */ = {
			isa = XCBuildConfiguration;
			baseConfigurationReference = 915DC68BE852F2776BF69C10 /* Pods-After College Job Tracker.release.xcconfig */;
			buildSettings = {
				ASSETCATALOG_COMPILER_APPICON_NAME = AppIcon;
				CLANG_ENABLE_MODULES = YES;
				DEVELOPMENT_TEAM = NTP2A7PJM8;
				INFOPLIST_FILE = "After College Job Tracker/Info.plist";
				LD_RUNPATH_SEARCH_PATHS = "$(inherited) @executable_path/Frameworks";
				PRODUCT_BUNDLE_IDENTIFIER = "com.garytokman.After-College-Job-Tracker";
				PRODUCT_NAME = "$(TARGET_NAME)";
				SWIFT_OBJC_BRIDGING_HEADER = "After College Job Tracker/After College Job Tracker-Bridging-Header.h";
				SWIFT_VERSION = 3.0;
			};
			name = Release;
		};
/* End XCBuildConfiguration section */

/* Begin XCConfigurationList section */
		027A60FE1DEFC2BC00B180A8 /* Build configuration list for PBXProject "After College Job Tracker" */ = {
			isa = XCConfigurationList;
			buildConfigurations = (
				027A61131DEFC2BD00B180A8 /* Debug */,
				027A61141DEFC2BD00B180A8 /* Release */,
			);
			defaultConfigurationIsVisible = 0;
			defaultConfigurationName = Release;
		};
		027A61151DEFC2BD00B180A8 /* Build configuration list for PBXNativeTarget "After College Job Tracker" */ = {
			isa = XCConfigurationList;
			buildConfigurations = (
				027A61161DEFC2BD00B180A8 /* Debug */,
				027A61171DEFC2BD00B180A8 /* Release */,
			);
			defaultConfigurationIsVisible = 0;
			defaultConfigurationName = Release;
		};
/* End XCConfigurationList section */
	};
	rootObject = 027A60FB1DEFC2BC00B180A8 /* Project object */;
}
